
Microsoft Visual Studio Solution File, Format Version 12.00
# Visual Studio 15
VisualStudioVersion = 15.0.27703.2018
MinimumVisualStudioVersion = 10.0.40219.1
Project("{9A19103F-16F7-4668-BE54-9A1E7A4F7556}") = "DurableFunctions", "DurableFunctions\DurableFunctions.csproj", "{F5C25A96-D9FF-42D5-AA6A-B7578870E37F}"
EndProject
Project("{2150E333-8FDC-42A3-9474-1A3956D46DE8}") = "Solution Items", "Solution Items", "{1DF5EB02-2716-4289-A25E-B5FFCD64893B}"
	ProjectSection(SolutionItems) = preProject
		azuredeploy.json = azuredeploy.json
		azuredeploy.parameters.json = azuredeploy.parameters.json
		install.ps1 = install.ps1
		README.md = README.md
	EndProjectSection
EndProject
Global
	GlobalSection(SolutionConfigurationPlatforms) = preSolution
		Debug|Any CPU = Debug|Any CPU
		Release|Any CPU = Release|Any CPU
	EndGlobalSection
	GlobalSection(ProjectConfigurationPlatforms) = postSolution
		{F5C25A96-D9FF-42D5-AA6A-B7578870E37F}.Debug|Any CPU.ActiveCfg = Debug|Any CPU
		{F5C25A96-D9FF-42D5-AA6A-B7578870E37F}.Debug|Any CPU.Build.0 = Debug|Any CPU
		{F5C25A96-D9FF-42D5-AA6A-B7578870E37F}.Release|Any CPU.ActiveCfg = Release|Any CPU
		{F5C25A96-D9FF-42D5-AA6A-B7578870E37F}.Release|Any CPU.Build.0 = Release|Any CPU
	EndGlobalSection
	GlobalSection(SolutionProperties) = preSolution
		HideSolutionNode = FALSE
	EndGlobalSection
	GlobalSection(ExtensibilityGlobals) = postSolution
		SolutionGuid = {83AB749A-362E-4196-B69B-A2262B4A72E0}
	EndGlobalSection
EndGlobal
